{
  "name": "de.ubisys",
  "version": "1.0.2",
  "lockfileVersion": 1,
  "requires": true,
  "dependencies": {
    "@athombv/data-types": {
      "version": "1.0.4",
      "resolved": "https://registry.npmjs.org/@athombv/data-types/-/data-types-1.0.4.tgz",
      "integrity": "sha512-YzmMMZgIFiGSIePEBo939u1PDBS9ZoQ+R2xenJ0GCYzXg4HpV3/SLk8vte0pLHv5C5/tV7S07cwGwGvAcYDGEA=="
    },
    "@types/tinycolor2": {
      "version": "1.4.2",
      "resolved": "https://registry.npmjs.org/@types/tinycolor2/-/tinycolor2-1.4.2.tgz",
      "integrity": "sha512-PeHg/AtdW6aaIO2a+98Xj7rWY4KC1E6yOy7AFknJQ7VXUGNrMlyxDFxJo7HqLtjQms/ZhhQX52mLVW/EX3JGOw=="
    },
    "almost-equal": {
      "version": "1.1.0",
      "resolved": "https://registry.npmjs.org/almost-equal/-/almost-equal-1.1.0.tgz",
      "integrity": "sha1-+FHGMROHV5lCdqou++jfowZszN0="
    },
    "charenc": {
      "version": "0.0.2",
      "resolved": "https://registry.npmjs.org/charenc/-/charenc-0.0.2.tgz",
      "integrity": "sha1-wKHS86cJLgN3S/qD8UwPxXkKhmc="
    },
    "color-space": {
      "version": "1.16.0",
      "resolved": "https://registry.npmjs.org/color-space/-/color-space-1.16.0.tgz",
      "integrity": "sha512-A6WMiFzunQ8KEPFmj02OnnoUnqhmSaHaZ/0LVFcPTdlvm8+3aMJ5x1HRHy3bDHPkovkf4sS0f4wsVvwk71fKkg==",
      "requires": {
        "hsluv": "^0.0.3",
        "mumath": "^3.3.4"
      }
    },
    "cookie": {
      "version": "0.3.1",
      "resolved": "https://registry.npmjs.org/cookie/-/cookie-0.3.1.tgz",
      "integrity": "sha1-5+Ch+e9DtMi6klxcWpboBtFoc7s="
    },
    "crypt": {
      "version": "0.0.2",
      "resolved": "https://registry.npmjs.org/crypt/-/crypt-0.0.2.tgz",
      "integrity": "sha1-iNf/fsDfuG9xPch7u0LQRNPmxBs="
    },
    "debug": {
      "version": "4.2.0",
      "resolved": "https://registry.npmjs.org/debug/-/debug-4.2.0.tgz",
      "integrity": "sha512-IX2ncY78vDTjZMFUdmsvIRFY2Cf4FnD0wRs+nQwJU8Lu99/tPFdb0VybiiMTPe3I6rQmwsqQqRBvxU+bZ/I8sg==",
      "requires": {
        "ms": "2.1.2"
      }
    },
    "homey-log": {
      "version": "2.0.1",
      "resolved": "https://registry.npmjs.org/homey-log/-/homey-log-2.0.1.tgz",
      "integrity": "sha512-bWBUtmDWkomJCGfE6isWeWuuOmsWE0AJ2YEGdepRtzevPAnhLESdj58TQ4+Fdapd9WdLS9zuNTGTemGSTy2C4g==",
      "requires": {
        "raven": "github:athombv/raven-node"
      }
    },
    "homey-zigbeedriver": {
      "version": "1.6.1",
      "resolved": "https://registry.npmjs.org/homey-zigbeedriver/-/homey-zigbeedriver-1.6.1.tgz",
      "integrity": "sha512-a9BsUDBLbok38QUqHsTrTszHI9gD1DP1Djb2BzJSohT56wccrydNe2vxUMPHjrlw1Yka6J4MNxDH16XJV505NQ==",
      "requires": {
        "color-space": "^1.16.0",
        "tinygradient": "^1.1.1"
      }
    },
    "hsluv": {
      "version": "0.0.3",
      "resolved": "https://registry.npmjs.org/hsluv/-/hsluv-0.0.3.tgz",
      "integrity": "sha1-gpEH2vtKn4tSoYCe0C4JHq3mdUw="
    },
    "is-buffer": {
      "version": "1.1.6",
      "resolved": "https://registry.npmjs.org/is-buffer/-/is-buffer-1.1.6.tgz",
      "integrity": "sha512-NcdALwpXkTm5Zvvbk7owOUSvVvBKDgKP5/ewfXEznmQFfs4ZRmanOeKBTjRVjka3QFoN6XJ+9F3USqfHqTaU5w=="
    },
    "md5": {
      "version": "2.3.0",
      "resolved": "https://registry.npmjs.org/md5/-/md5-2.3.0.tgz",
      "integrity": "sha512-T1GITYmFaKuO91vxyoQMFETst+O71VUPEU3ze5GNzDm0OWdP8v1ziTaAEPUr/3kLsY3Sftgz242A1SetQiDL7g==",
      "requires": {
        "charenc": "0.0.2",
        "crypt": "0.0.2",
        "is-buffer": "~1.1.6"
      }
    },
    "ms": {
      "version": "2.1.2",
      "resolved": "https://registry.npmjs.org/ms/-/ms-2.1.2.tgz",
      "integrity": "sha512-sGkPx+VjMtmA6MX27oA4FBFELFCZZ4S4XqeGOXCv68tT+jb3vk/RyaKWP0PTKyWtmLSM0b+adUTEvbs1PEaH2w=="
    },
    "mumath": {
      "version": "3.3.4",
      "resolved": "https://registry.npmjs.org/mumath/-/mumath-3.3.4.tgz",
      "integrity": "sha1-SNSg8P2MrU57Mglu6JsWGmPTC78=",
      "requires": {
        "almost-equal": "^1.1.0"
      }
    },
    "raven": {
      "version": "github:athombv/raven-node#b8b2b6e007924a79ba4434240f6dfcf431d7c9a1",
      "from": "github:athombv/raven-node",
      "requires": {
        "cookie": "0.3.1",
        "md5": "^2.2.1",
        "stack-trace": "0.0.10",
        "timed-out": "5.0.0",
        "uuid": "3.0.0"
      }
    },
    "stack-trace": {
      "version": "0.0.10",
      "resolved": "https://registry.npmjs.org/stack-trace/-/stack-trace-0.0.10.tgz",
      "integrity": "sha1-VHxws0fo0ytOEI6hoqFZ5f3eGcA="
    },
    "timed-out": {
      "version": "5.0.0",
      "resolved": "https://registry.npmjs.org/timed-out/-/timed-out-5.0.0.tgz",
      "integrity": "sha512-+IAmaDqYnVi/HOMCeH4NDzdjTH9EHTC8xbe+PgXMKtovdMjbu25qYxeUj6u/yukMp1wDOhPeh6oTcIVepm5n7Q=="
    },
    "tinycolor2": {
      "version": "1.4.2",
      "resolved": "https://registry.npmjs.org/tinycolor2/-/tinycolor2-1.4.2.tgz",
      "integrity": "sha512-vJhccZPs965sV/L2sU4oRQVAos0pQXwsvTLkWYdqJ+a8Q5kPFzJTuOFwy7UniPli44NKQGAglksjvOcpo95aZA=="
    },
    "tinygradient": {
      "version": "1.1.2",
      "resolved": "https://registry.npmjs.org/tinygradient/-/tinygradient-1.1.2.tgz",
      "integrity": "sha512-yIwbBfJOOHW3whamF00ZcxGWY794GNsAGjaCkDQJJNufXAcfUwbQwrVjwV1BKqArXFVg+JgMoECXFn/jfqSWsg==",
      "requires": {
        "@types/tinycolor2": "^1.4.0",
        "tinycolor2": "^1.0.0"
      }
    },
    "uuid": {
      "version": "3.0.0",
      "resolved": "https://registry.npmjs.org/uuid/-/uuid-3.0.0.tgz",
      "integrity": "sha1-Zyj8BFnEUNeWqZwxg3VpvfZy1yg="
    },
    "zigbee-clusters": {
      "version": "1.4.0",
      "resolved": "https://registry.npmjs.org/zigbee-clusters/-/zigbee-clusters-1.4.0.tgz",
      "integrity": "sha512-Z3VRDrS8OYQ8kRweo5MpnRd/FKanflBQ7gBhjI6fMZ7r0sJV/T5cUuV/BDbN26yCh+ap+ZiCyS+lY0XJln//Vg==",
      "requires": {
        "@athombv/data-types": "^1.0.4",
        "debug": "^4.1.1"
      }
    }
  }
}
